
Microsoft Visual Studio Solution File, Format Version 12.00
# Visual Studio Version 17
VisualStudioVersion = 17.11.35222.181
MinimumVisualStudioVersion = 10.0.40219.1
Project("{FAE04EC0-301F-11D3-BF4B-00C04F79EFBC}") = "AppPaiements", "AppPaiements\AppPaiements.csproj", "{53427151-A5B2-4C99-BB0B-0CD0687193A4}"
EndProject
Global
	GlobalSection(SolutionConfigurationPlatforms) = preSolution
		Debug|Any CPU = Debug|Any CPU
		Release|Any CPU = Release|Any CPU
	EndGlobalSection
	GlobalSection(ProjectConfigurationPlatforms) = postSolution
		{53427151-A5B2-4C99-BB0B-0CD0687193A4}.Debug|Any CPU.ActiveCfg = Debug|Any CPU
		{53427151-A5B2-4C99-BB0B-0CD0687193A4}.Debug|Any CPU.Build.0 = Debug|Any CPU
		{53427151-A5B2-4C99-BB0B-0CD0687193A4}.Release|Any CPU.ActiveCfg = Release|Any CPU
		{53427151-A5B2-4C99-BB0B-0CD0687193A4}.Release|Any CPU.Build.0 = Release|Any CPU
	EndGlobalSection
	GlobalSection(SolutionProperties) = preSolution
		HideSolutionNode = FALSE
	EndGlobalSection
	GlobalSection(ExtensibilityGlobals) = postSolution
		SolutionGuid = {B258E7FC-C51D-432C-9E6D-57A824A82FD9}
	EndGlobalSection
EndGlobal
